
Microsoft Visual Studio Solution File, Format Version 12.00
# Visual Studio Version 17
VisualStudioVersion = 17.7.34221.43
MinimumVisualStudioVersion = 10.0.40219.1
Project("{FAE04EC0-301F-11D3-BF4B-00C04F79EFBC}") = "HPRBackend", "HPRBackend.csproj", "{6455C3EE-AE1B-4533-B1C4-DBD8562B7FAE}"
EndProject
Global
	GlobalSection(SolutionConfigurationPlatforms) = preSolution
		Debug|Any CPU = Debug|Any CPU
		Release|Any CPU = Release|Any CPU
	EndGlobalSection
	GlobalSection(ProjectConfigurationPlatforms) = postSolution
		{6455C3EE-AE1B-4533-B1C4-DBD8562B7FAE}.Debug|Any CPU.ActiveCfg = Debug|Any CPU
		{6455C3EE-AE1B-4533-B1C4-DBD8562B7FAE}.Debug|Any CPU.Build.0 = Debug|Any CPU
		{6455C3EE-AE1B-4533-B1C4-DBD8562B7FAE}.Release|Any CPU.ActiveCfg = Release|Any CPU
		{6455C3EE-AE1B-4533-B1C4-DBD8562B7FAE}.Release|Any CPU.Build.0 = Release|Any CPU
	EndGlobalSection
	GlobalSection(SolutionProperties) = preSolution
		HideSolutionNode = FALSE
	EndGlobalSection
	GlobalSection(ExtensibilityGlobals) = postSolution
		SolutionGuid = {EFFE2CB2-1D46-468E-8E7C-82358C5BD7E6}
	EndGlobalSection
EndGlobal
